
Microsoft Visual Studio Solution File, Format Version 12.00
# Visual Studio Version 17
VisualStudioVersion = 17.12.35707.178
MinimumVisualStudioVersion = 10.0.40219.1
Project("{FAE04EC0-301F-11D3-BF4B-00C04F79EFBC}") = "ControleFinanceiro.API", "ControleFinanceiro.API\ControleFinanceiro.API.csproj", "{63D17D3A-9CE7-4FC9-B79F-1CE1DE986F6F}"
EndProject
Project("{FAE04EC0-301F-11D3-BF4B-00C04F79EFBC}") = "ControleFinanceiro.Domain", "ControleFinanceiro.Domain\ControleFinanceiro.Domain.csproj", "{2A57F260-B3DB-4328-BC55-A28A63699600}"
EndProject
Project("{FAE04EC0-301F-11D3-BF4B-00C04F79EFBC}") = "ControleFinanceiro.Infra", "ControleFinanceiro.Infra\ControleFinanceiro.Infra.csproj", "{609D4CFE-DE2A-477E-B8C7-72C79237AC62}"
EndProject
Project("{FAE04EC0-301F-11D3-BF4B-00C04F79EFBC}") = "ControleFinanceiro.Services", "ControleFinanceiro.Services\ControleFinanceiro.Services.csproj", "{E3A30F35-4CFA-47E2-95E3-794C891B141F}"
EndProject
Project("{E53339B2-1760-4266-BCC7-CA923CBCF16C}") = "docker-compose", "docker-compose.dcproj", "{81DDED9D-158B-E303-5F62-77A2896D2A5A}"
EndProject
Global
	GlobalSection(SolutionConfigurationPlatforms) = preSolution
		Debug|Any CPU = Debug|Any CPU
		Release|Any CPU = Release|Any CPU
	EndGlobalSection
	GlobalSection(ProjectConfigurationPlatforms) = postSolution
		{63D17D3A-9CE7-4FC9-B79F-1CE1DE986F6F}.Debug|Any CPU.ActiveCfg = Debug|Any CPU
		{63D17D3A-9CE7-4FC9-B79F-1CE1DE986F6F}.Debug|Any CPU.Build.0 = Debug|Any CPU
		{63D17D3A-9CE7-4FC9-B79F-1CE1DE986F6F}.Release|Any CPU.ActiveCfg = Release|Any CPU
		{63D17D3A-9CE7-4FC9-B79F-1CE1DE986F6F}.Release|Any CPU.Build.0 = Release|Any CPU
		{2A57F260-B3DB-4328-BC55-A28A63699600}.Debug|Any CPU.ActiveCfg = Debug|Any CPU
		{2A57F260-B3DB-4328-BC55-A28A63699600}.Debug|Any CPU.Build.0 = Debug|Any CPU
		{2A57F260-B3DB-4328-BC55-A28A63699600}.Release|Any CPU.ActiveCfg = Release|Any CPU
		{2A57F260-B3DB-4328-BC55-A28A63699600}.Release|Any CPU.Build.0 = Release|Any CPU
		{609D4CFE-DE2A-477E-B8C7-72C79237AC62}.Debug|Any CPU.ActiveCfg = Debug|Any CPU
		{609D4CFE-DE2A-477E-B8C7-72C79237AC62}.Debug|Any CPU.Build.0 = Debug|Any CPU
		{609D4CFE-DE2A-477E-B8C7-72C79237AC62}.Release|Any CPU.ActiveCfg = Release|Any CPU
		{609D4CFE-DE2A-477E-B8C7-72C79237AC62}.Release|Any CPU.Build.0 = Release|Any CPU
		{E3A30F35-4CFA-47E2-95E3-794C891B141F}.Debug|Any CPU.ActiveCfg = Debug|Any CPU
		{E3A30F35-4CFA-47E2-95E3-794C891B141F}.Debug|Any CPU.Build.0 = Debug|Any CPU
		{E3A30F35-4CFA-47E2-95E3-794C891B141F}.Release|Any CPU.ActiveCfg = Release|Any CPU
		{E3A30F35-4CFA-47E2-95E3-794C891B141F}.Release|Any CPU.Build.0 = Release|Any CPU
		{81DDED9D-158B-E303-5F62-77A2896D2A5A}.Debug|Any CPU.ActiveCfg = Debug|Any CPU
		{81DDED9D-158B-E303-5F62-77A2896D2A5A}.Debug|Any CPU.Build.0 = Debug|Any CPU
		{81DDED9D-158B-E303-5F62-77A2896D2A5A}.Release|Any CPU.ActiveCfg = Release|Any CPU
		{81DDED9D-158B-E303-5F62-77A2896D2A5A}.Release|Any CPU.Build.0 = Release|Any CPU
	EndGlobalSection
	GlobalSection(SolutionProperties) = preSolution
		HideSolutionNode = FALSE
	EndGlobalSection
EndGlobal
